// !$*UTF8*$!
{
	archiveVersion = 1;
	classes = {
	};
	objectVersion = 51;
	objects = {

/* Begin PBXBuildFile section */
		63300DED23B9374600A9EF90 /* NetworkController.swift in Sources */ = {isa = PBXBuildFile; fileRef = 63300DEC23B9374600A9EF90 /* NetworkController.swift */; };
		633E0B6523BBECE600ABD073 /* Agent.swift in Sources */ = {isa = PBXBuildFile; fileRef = 633E0B6423BBECE600ABD073 /* Agent.swift */; };
		633E0B6723BBECE900ABD073 /* Agent.swift in Sources */ = {isa = PBXBuildFile; fileRef = 633E0B6623BBECE900ABD073 /* Agent.swift */; };
		633E0B6A23BBECFF00ABD073 /* Job.swift in Sources */ = {isa = PBXBuildFile; fileRef = 633E0B6923BBECFF00ABD073 /* Job.swift */; };
		633E0B6C23BBED0800ABD073 /* NetworkController.swift in Sources */ = {isa = PBXBuildFile; fileRef = 633E0B6B23BBED0800ABD073 /* NetworkController.swift */; };
		633E0B6E23BBED0D00ABD073 /* Status.swift in Sources */ = {isa = PBXBuildFile; fileRef = 633E0B6D23BBED0D00ABD073 /* Status.swift */; };
		633E0B7223BBED1800ABD073 /* AgentService.swift in Sources */ = {isa = PBXBuildFile; fileRef = 633E0B7023BBED1800ABD073 /* AgentService.swift */; };
		633E0B7323BBED1800ABD073 /* APIService.swift in Sources */ = {isa = PBXBuildFile; fileRef = 633E0B6F23BBED1800ABD073 /* APIService.swift */; };
		633E0B7423BBED1800ABD073 /* JobService.swift in Sources */ = {isa = PBXBuildFile; fileRef = 633E0B7123BBED1800ABD073 /* JobService.swift */; };
		6B5C703E4E57B82064C6766D /* Pods_MozendaApp.framework in Frameworks */ = {isa = PBXBuildFile; fileRef = 89654969C74C2B3AB119422D /* Pods_MozendaApp.framework */; };
		856BF7EC80230C01471D1209 /* Pods_MozendaAppTests.framework in Frameworks */ = {isa = PBXBuildFile; fileRef = B1F71FC36B0BDAC3809A74C6 /* Pods_MozendaAppTests.framework */; };
		94A8E4122C8A211694C4B00A /* Pods_MozendaAppUITests.framework in Frameworks */ = {isa = PBXBuildFile; fileRef = 5C2B7425F0A348448471544B /* Pods_MozendaAppUITests.framework */; };
		964A21BD22973ACA004980B5 /* AppDelegate.swift in Sources */ = {isa = PBXBuildFile; fileRef = 964A21BC22973ACA004980B5 /* AppDelegate.swift */; };
		964A21BF22973ACA004980B5 /* ViewController.swift in Sources */ = {isa = PBXBuildFile; fileRef = 964A21BE22973ACA004980B5 /* ViewController.swift */; };
		964A21C222973ACA004980B5 /* Main.storyboard in Resources */ = {isa = PBXBuildFile; fileRef = 964A21C022973ACA004980B5 /* Main.storyboard */; };
		964A21C422973ACB004980B5 /* Assets.xcassets in Resources */ = {isa = PBXBuildFile; fileRef = 964A21C322973ACB004980B5 /* Assets.xcassets */; };
		964A21C722973ACB004980B5 /* LaunchScreen.storyboard in Resources */ = {isa = PBXBuildFile; fileRef = 964A21C522973ACB004980B5 /* LaunchScreen.storyboard */; };
		964A21D222973ACB004980B5 /* MozendaAppTests.swift in Sources */ = {isa = PBXBuildFile; fileRef = 964A21D122973ACB004980B5 /* MozendaAppTests.swift */; };
		964A21DD22973ACB004980B5 /* MozendaAppUITests.swift in Sources */ = {isa = PBXBuildFile; fileRef = 964A21DC22973ACB004980B5 /* MozendaAppUITests.swift */; };
		96B9762922E0E7E3003E1A82 /* AgentTableViewCell.swift in Sources */ = {isa = PBXBuildFile; fileRef = 96B9762822E0E7E3003E1A82 /* AgentTableViewCell.swift */; };
		96C97312229899F200D22B29 /* AgentListViewController.swift in Sources */ = {isa = PBXBuildFile; fileRef = 96C97311229899F200D22B29 /* AgentListViewController.swift */; };
/* End PBXBuildFile section */

/* Begin PBXContainerItemProxy section */
		964A21CE22973ACB004980B5 /* PBXContainerItemProxy */ = {
			isa = PBXContainerItemProxy;
			containerPortal = 964A21B122973ACA004980B5 /* Project object */;
			proxyType = 1;
			remoteGlobalIDString = 964A21B822973ACA004980B5;
			remoteInfo = MozendaApp;
		};
		964A21D922973ACB004980B5 /* PBXContainerItemProxy */ = {
			isa = PBXContainerItemProxy;
			containerPortal = 964A21B122973ACA004980B5 /* Project object */;
			proxyType = 1;
			remoteGlobalIDString = 964A21B822973ACA004980B5;
			remoteInfo = MozendaApp;
		};
/* End PBXContainerItemProxy section */

/* Begin PBXFileReference section */
		221BFB91C1CE8FF6785DFD2E /* Pods-MozendaAppTests.debug.xcconfig */ = {isa = PBXFileReference; includeInIndex = 1; lastKnownFileType = text.xcconfig; name = "Pods-MozendaAppTests.debug.xcconfig"; path = "Target Support Files/Pods-MozendaAppTests/Pods-MozendaAppTests.debug.xcconfig"; sourceTree = "<group>"; };
		5C2B7425F0A348448471544B /* Pods_MozendaAppUITests.framework */ = {isa = PBXFileReference; explicitFileType = wrapper.framework; includeInIndex = 0; path = Pods_MozendaAppUITests.framework; sourceTree = BUILT_PRODUCTS_DIR; };
		63300DEC23B9374600A9EF90 /* NetworkController.swift */ = {isa = PBXFileReference; fileEncoding = 4; lastKnownFileType = sourcecode.swift; path = NetworkController.swift; sourceTree = "<group>"; };
		633E0B6423BBECE600ABD073 /* Agent.swift */ = {isa = PBXFileReference; lastKnownFileType = sourcecode.swift; name = Agent.swift; path = ../../../../../David/Repos/MozendaSwift/MozendaSwift/Pod/Agent.swift; sourceTree = "<group>"; };
		633E0B6623BBECE900ABD073 /* Agent.swift */ = {isa = PBXFileReference; lastKnownFileType = sourcecode.swift; name = Agent.swift; path = ../../../../David/Repos/MozendaSwift/MozendaSwift/Pod/Agent.swift; sourceTree = "<group>"; };
		633E0B6823BBECEB00ABD073 /* Agent.swift */ = {isa = PBXFileReference; lastKnownFileType = sourcecode.swift; path = Agent.swift; sourceTree = "<group>"; };
		633E0B6923BBECFF00ABD073 /* Job.swift */ = {isa = PBXFileReference; fileEncoding = 4; lastKnownFileType = sourcecode.swift; name = Job.swift; path = ../../../../../David/Repos/MozendaSwift/MozendaSwift/Pod/Job.swift; sourceTree = "<group>"; };
		633E0B6B23BBED0800ABD073 /* NetworkController.swift */ = {isa = PBXFileReference; lastKnownFileType = sourcecode.swift; name = NetworkController.swift; path = ../../../../../David/Repos/MozendaSwift/MozendaSwift/Pod/NetworkController.swift; sourceTree = "<group>"; };
		633E0B6D23BBED0D00ABD073 /* Status.swift */ = {isa = PBXFileReference; lastKnownFileType = sourcecode.swift; name = Status.swift; path = ../../../../../David/Repos/MozendaSwift/MozendaSwift/Pod/Status.swift; sourceTree = "<group>"; };
		633E0B6F23BBED1800ABD073 /* APIService.swift */ = {isa = PBXFileReference; lastKnownFileType = sourcecode.swift; name = APIService.swift; path = ../../../../../David/Repos/MozendaSwift/MozendaSwift/Pod/APIService.swift; sourceTree = "<group>"; };
		633E0B7023BBED1800ABD073 /* AgentService.swift */ = {isa = PBXFileReference; lastKnownFileType = sourcecode.swift; name = AgentService.swift; path = ../../../../../David/Repos/MozendaSwift/MozendaSwift/Pod/AgentService.swift; sourceTree = "<group>"; };
		633E0B7123BBED1800ABD073 /* JobService.swift */ = {isa = PBXFileReference; lastKnownFileType = sourcecode.swift; name = JobService.swift; path = ../../../../../David/Repos/MozendaSwift/MozendaSwift/Pod/JobService.swift; sourceTree = "<group>"; };
		633E0B7523BBED1D00ABD073 /* APIService.swift */ = {isa = PBXFileReference; lastKnownFileType = sourcecode.swift; path = APIService.swift; sourceTree = "<group>"; };
		633E0B7623BBED1D00ABD073 /* AgentService.swift */ = {isa = PBXFileReference; lastKnownFileType = sourcecode.swift; path = AgentService.swift; sourceTree = "<group>"; };
		633E0B7723BBED1D00ABD073 /* JobService.swift */ = {isa = PBXFileReference; lastKnownFileType = sourcecode.swift; path = JobService.swift; sourceTree = "<group>"; };
		89654969C74C2B3AB119422D /* Pods_MozendaApp.framework */ = {isa = PBXFileReference; explicitFileType = wrapper.framework; includeInIndex = 0; path = Pods_MozendaApp.framework; sourceTree = BUILT_PRODUCTS_DIR; };
		964A21B922973ACA004980B5 /* MozendaApp.app */ = {isa = PBXFileReference; explicitFileType = wrapper.application; includeInIndex = 0; path = MozendaApp.app; sourceTree = BUILT_PRODUCTS_DIR; };
		964A21BC22973ACA004980B5 /* AppDelegate.swift */ = {isa = PBXFileReference; lastKnownFileType = sourcecode.swift; path = AppDelegate.swift; sourceTree = "<group>"; };
		964A21BE22973ACA004980B5 /* ViewController.swift */ = {isa = PBXFileReference; lastKnownFileType = sourcecode.swift; path = ViewController.swift; sourceTree = "<group>"; };
		964A21C122973ACA004980B5 /* Base */ = {isa = PBXFileReference; lastKnownFileType = file.storyboard; name = Base; path = Base.lproj/Main.storyboard; sourceTree = "<group>"; };
		964A21C322973ACB004980B5 /* Assets.xcassets */ = {isa = PBXFileReference; lastKnownFileType = folder.assetcatalog; path = Assets.xcassets; sourceTree = "<group>"; };
		964A21C622973ACB004980B5 /* Base */ = {isa = PBXFileReference; lastKnownFileType = file.storyboard; name = Base; path = Base.lproj/LaunchScreen.storyboard; sourceTree = "<group>"; };
		964A21C822973ACB004980B5 /* Info.plist */ = {isa = PBXFileReference; lastKnownFileType = text.plist.xml; path = Info.plist; sourceTree = "<group>"; };
		964A21CD22973ACB004980B5 /* MozendaAppTests.xctest */ = {isa = PBXFileReference; explicitFileType = wrapper.cfbundle; includeInIndex = 0; path = MozendaAppTests.xctest; sourceTree = BUILT_PRODUCTS_DIR; };
		964A21D122973ACB004980B5 /* MozendaAppTests.swift */ = {isa = PBXFileReference; lastKnownFileType = sourcecode.swift; path = MozendaAppTests.swift; sourceTree = "<group>"; };
		964A21D322973ACB004980B5 /* Info.plist */ = {isa = PBXFileReference; lastKnownFileType = text.plist.xml; path = Info.plist; sourceTree = "<group>"; };
		964A21D822973ACB004980B5 /* MozendaAppUITests.xctest */ = {isa = PBXFileReference; explicitFileType = wrapper.cfbundle; includeInIndex = 0; path = MozendaAppUITests.xctest; sourceTree = BUILT_PRODUCTS_DIR; };
		964A21DC22973ACB004980B5 /* MozendaAppUITests.swift */ = {isa = PBXFileReference; lastKnownFileType = sourcecode.swift; path = MozendaAppUITests.swift; sourceTree = "<group>"; };
		964A21DE22973ACB004980B5 /* Info.plist */ = {isa = PBXFileReference; lastKnownFileType = text.plist.xml; path = Info.plist; sourceTree = "<group>"; };
		96B9762822E0E7E3003E1A82 /* AgentTableViewCell.swift */ = {isa = PBXFileReference; lastKnownFileType = sourcecode.swift; path = AgentTableViewCell.swift; sourceTree = "<group>"; };
		96C97311229899F200D22B29 /* AgentListViewController.swift */ = {isa = PBXFileReference; lastKnownFileType = sourcecode.swift; path = AgentListViewController.swift; sourceTree = "<group>"; };
		9A249B54B9C232DCCEC49266 /* Pods-MozendaApp.debug.xcconfig */ = {isa = PBXFileReference; includeInIndex = 1; lastKnownFileType = text.xcconfig; name = "Pods-MozendaApp.debug.xcconfig"; path = "Target Support Files/Pods-MozendaApp/Pods-MozendaApp.debug.xcconfig"; sourceTree = "<group>"; };
		B1F71FC36B0BDAC3809A74C6 /* Pods_MozendaAppTests.framework */ = {isa = PBXFileReference; explicitFileType = wrapper.framework; includeInIndex = 0; path = Pods_MozendaAppTests.framework; sourceTree = BUILT_PRODUCTS_DIR; };
		EC9D7E0AA33CED3EFD052E65 /* Pods-MozendaAppUITests.release.xcconfig */ = {isa = PBXFileReference; includeInIndex = 1; lastKnownFileType = text.xcconfig; name = "Pods-MozendaAppUITests.release.xcconfig"; path = "Target Support Files/Pods-MozendaAppUITests/Pods-MozendaAppUITests.release.xcconfig"; sourceTree = "<group>"; };
		F07291D6BFB91E926B82E700 /* Pods-MozendaAppUITests.debug.xcconfig */ = {isa = PBXFileReference; includeInIndex = 1; lastKnownFileType = text.xcconfig; name = "Pods-MozendaAppUITests.debug.xcconfig"; path = "Target Support Files/Pods-MozendaAppUITests/Pods-MozendaAppUITests.debug.xcconfig"; sourceTree = "<group>"; };
		F4A296A7C1BC9B7D17D63D9B /* Pods-MozendaAppTests.release.xcconfig */ = {isa = PBXFileReference; includeInIndex = 1; lastKnownFileType = text.xcconfig; name = "Pods-MozendaAppTests.release.xcconfig"; path = "Target Support Files/Pods-MozendaAppTests/Pods-MozendaAppTests.release.xcconfig"; sourceTree = "<group>"; };
		FBF519108EE32999F8922FCE /* Pods-MozendaApp.release.xcconfig */ = {isa = PBXFileReference; includeInIndex = 1; lastKnownFileType = text.xcconfig; name = "Pods-MozendaApp.release.xcconfig"; path = "Target Support Files/Pods-MozendaApp/Pods-MozendaApp.release.xcconfig"; sourceTree = "<group>"; };
/* End PBXFileReference section */

/* Begin PBXFrameworksBuildPhase section */
		964A21B622973ACA004980B5 /* Frameworks */ = {
			isa = PBXFrameworksBuildPhase;
			buildActionMask = 2147483647;
			files = (
				6B5C703E4E57B82064C6766D /* Pods_MozendaApp.framework in Frameworks */,
			);
			runOnlyForDeploymentPostprocessing = 0;
		};
		964A21CA22973ACB004980B5 /* Frameworks */ = {
			isa = PBXFrameworksBuildPhase;
			buildActionMask = 2147483647;
			files = (
				856BF7EC80230C01471D1209 /* Pods_MozendaAppTests.framework in Frameworks */,
			);
			runOnlyForDeploymentPostprocessing = 0;
		};
		964A21D522973ACB004980B5 /* Frameworks */ = {
			isa = PBXFrameworksBuildPhase;
			buildActionMask = 2147483647;
			files = (
				94A8E4122C8A211694C4B00A /* Pods_MozendaAppUITests.framework in Frameworks */,
			);
			runOnlyForDeploymentPostprocessing = 0;
		};
/* End PBXFrameworksBuildPhase section */

/* Begin PBXGroup section */
		02357387F7780717B5AC46E6 /* Frameworks */ = {
			isa = PBXGroup;
			children = (
				89654969C74C2B3AB119422D /* Pods_MozendaApp.framework */,
				B1F71FC36B0BDAC3809A74C6 /* Pods_MozendaAppTests.framework */,
				5C2B7425F0A348448471544B /* Pods_MozendaAppUITests.framework */,
			);
			name = Frameworks;
			sourceTree = "<group>";
		};
		63300DE623B936A500A9EF90 /* Utilities */ = {
			isa = PBXGroup;
			children = (
				633E0B7023BBED1800ABD073 /* AgentService.swift */,
				633E0B6F23BBED1800ABD073 /* APIService.swift */,
				633E0B7123BBED1800ABD073 /* JobService.swift */,
				63300DEC23B9374600A9EF90 /* NetworkController.swift */,
				964A21BC22973ACA004980B5 /* AppDelegate.swift */,
				633E0B6B23BBED0800ABD073 /* NetworkController.swift */,
				964A21C322973ACB004980B5 /* Assets.xcassets */,
			);
			path = Utilities;
			sourceTree = "<group>";
		};
		63300DE723B936C600A9EF90 /* Views */ = {
			isa = PBXGroup;
			children = (
				96B9762822E0E7E3003E1A82 /* AgentTableViewCell.swift */,
			);
			path = Views;
			sourceTree = "<group>";
		};
		63300DE823B936CF00A9EF90 /* View Controllers */ = {
			isa = PBXGroup;
			children = (
				633E0B6423BBECE600ABD073 /* Agent.swift */,
				96C97311229899F200D22B29 /* AgentListViewController.swift */,
				964A21BE22973ACA004980B5 /* ViewController.swift */,
			);
			path = "View Controllers";
			sourceTree = "<group>";
		};
		63300DE923B936F500A9EF90 /* Storyboards */ = {
			isa = PBXGroup;
			children = (
				964A21C522973ACB004980B5 /* LaunchScreen.storyboard */,
				964A21C022973ACA004980B5 /* Main.storyboard */,
			);
			path = Storyboards;
			sourceTree = "<group>";
		};
		633E0B6223BBECAD00ABD073 /* Models */ = {
			isa = PBXGroup;
			children = (
				633E0B6823BBECEB00ABD073 /* Agent.swift */,
				633E0B6923BBECFF00ABD073 /* Job.swift */,
				633E0B6D23BBED0D00ABD073 /* Status.swift */,
			);
			path = Models;
			sourceTree = "<group>";
		};
		633E0B6323BBECC600ABD073 /* Services */ = {
			isa = PBXGroup;
			children = (
				633E0B7623BBED1D00ABD073 /* AgentService.swift */,
				633E0B7523BBED1D00ABD073 /* APIService.swift */,
				633E0B7723BBED1D00ABD073 /* JobService.swift */,
			);
			path = Services;
			sourceTree = "<group>";
		};
		87C2C6541AA20E330374A3E7 /* Pods */ = {
			isa = PBXGroup;
			children = (
				9A249B54B9C232DCCEC49266 /* Pods-MozendaApp.debug.xcconfig */,
				FBF519108EE32999F8922FCE /* Pods-MozendaApp.release.xcconfig */,
				221BFB91C1CE8FF6785DFD2E /* Pods-MozendaAppTests.debug.xcconfig */,
				F4A296A7C1BC9B7D17D63D9B /* Pods-MozendaAppTests.release.xcconfig */,
				F07291D6BFB91E926B82E700 /* Pods-MozendaAppUITests.debug.xcconfig */,
				EC9D7E0AA33CED3EFD052E65 /* Pods-MozendaAppUITests.release.xcconfig */,
			);
			path = Pods;
			sourceTree = "<group>";
		};
		964A21B022973ACA004980B5 = {
			isa = PBXGroup;
			children = (
				964A21BB22973ACA004980B5 /* MozendaApp */,
				964A21D022973ACB004980B5 /* MozendaAppTests */,
				964A21DB22973ACB004980B5 /* MozendaAppUITests */,
				964A21BA22973ACA004980B5 /* Products */,
				87C2C6541AA20E330374A3E7 /* Pods */,
				02357387F7780717B5AC46E6 /* Frameworks */,
			);
			sourceTree = "<group>";
		};
		964A21BA22973ACA004980B5 /* Products */ = {
			isa = PBXGroup;
			children = (
				964A21B922973ACA004980B5 /* MozendaApp.app */,
				964A21CD22973ACB004980B5 /* MozendaAppTests.xctest */,
				964A21D822973ACB004980B5 /* MozendaAppUITests.xctest */,
			);
			name = Products;
			sourceTree = "<group>";
		};
		964A21BB22973ACA004980B5 /* MozendaApp */ = {
			isa = PBXGroup;
			children = (
				964A21C822973ACB004980B5 /* Info.plist */,
				633E0B6323BBECC600ABD073 /* Services */,
				633E0B6223BBECAD00ABD073 /* Models */,
				63300DE923B936F500A9EF90 /* Storyboards */,
				63300DE823B936CF00A9EF90 /* View Controllers */,
				63300DE723B936C600A9EF90 /* Views */,
				63300DE623B936A500A9EF90 /* Utilities */,
			);
			path = MozendaApp;
			sourceTree = "<group>";
		};
		964A21D022973ACB004980B5 /* MozendaAppTests */ = {
			isa = PBXGroup;
			children = (
				964A21D122973ACB004980B5 /* MozendaAppTests.swift */,
				964A21D322973ACB004980B5 /* Info.plist */,
			);
			path = MozendaAppTests;
			sourceTree = "<group>";
		};
		964A21DB22973ACB004980B5 /* MozendaAppUITests */ = {
			isa = PBXGroup;
			children = (
				633E0B6623BBECE900ABD073 /* Agent.swift */,
				964A21DC22973ACB004980B5 /* MozendaAppUITests.swift */,
				964A21DE22973ACB004980B5 /* Info.plist */,
			);
			path = MozendaAppUITests;
			sourceTree = "<group>";
		};
/* End PBXGroup section */

/* Begin PBXNativeTarget section */
		964A21B822973ACA004980B5 /* MozendaApp */ = {
			isa = PBXNativeTarget;
			buildConfigurationList = 964A21E122973ACB004980B5 /* Build configuration list for PBXNativeTarget "MozendaApp" */;
			buildPhases = (
				77E5E4A6C514F4F70AD31030 /* [CP] Check Pods Manifest.lock */,
				964A21B522973ACA004980B5 /* Sources */,
				964A21B622973ACA004980B5 /* Frameworks */,
				964A21B722973ACA004980B5 /* Resources */,
				8AA371276892AC511C552D50 /* [CP] Embed Pods Frameworks */,
			);
			buildRules = (
			);
			dependencies = (
			);
			name = MozendaApp;
			productName = MozendaApp;
			productReference = 964A21B922973ACA004980B5 /* MozendaApp.app */;
			productType = "com.apple.product-type.application";
		};
		964A21CC22973ACB004980B5 /* MozendaAppTests */ = {
			isa = PBXNativeTarget;
			buildConfigurationList = 964A21E422973ACB004980B5 /* Build configuration list for PBXNativeTarget "MozendaAppTests" */;
			buildPhases = (
				0CD4D7FA633E9EBFD12343A6 /* [CP] Check Pods Manifest.lock */,
				964A21C922973ACB004980B5 /* Sources */,
				964A21CA22973ACB004980B5 /* Frameworks */,
				964A21CB22973ACB004980B5 /* Resources */,
			);
			buildRules = (
			);
			dependencies = (
				964A21CF22973ACB004980B5 /* PBXTargetDependency */,
			);
			name = MozendaAppTests;
			productName = MozendaAppTests;
			productReference = 964A21CD22973ACB004980B5 /* MozendaAppTests.xctest */;
			productType = "com.apple.product-type.bundle.unit-test";
		};
		964A21D722973ACB004980B5 /* MozendaAppUITests */ = {
			isa = PBXNativeTarget;
			buildConfigurationList = 964A21E722973ACB004980B5 /* Build configuration list for PBXNativeTarget "MozendaAppUITests" */;
			buildPhases = (
				FD9B82D556550DA379FE3860 /* [CP] Check Pods Manifest.lock */,
				964A21D422973ACB004980B5 /* Sources */,
				964A21D522973ACB004980B5 /* Frameworks */,
				964A21D622973ACB004980B5 /* Resources */,
			);
			buildRules = (
			);
			dependencies = (
				964A21DA22973ACB004980B5 /* PBXTargetDependency */,
			);
			name = MozendaAppUITests;
			productName = MozendaAppUITests;
			productReference = 964A21D822973ACB004980B5 /* MozendaAppUITests.xctest */;
			productType = "com.apple.product-type.bundle.ui-testing";
		};
/* End PBXNativeTarget section */

/* Begin PBXProject section */
		964A21B122973ACA004980B5 /* Project object */ = {
			isa = PBXProject;
			attributes = {
				LastSwiftUpdateCheck = 1020;
				LastUpgradeCheck = 1020;
				ORGANIZATIONNAME = Giglioroninomicon;
				TargetAttributes = {
					964A21B822973ACA004980B5 = {
						CreatedOnToolsVersion = 10.2.1;
					};
					964A21CC22973ACB004980B5 = {
						CreatedOnToolsVersion = 10.2.1;
						TestTargetID = 964A21B822973ACA004980B5;
					};
					964A21D722973ACB004980B5 = {
						CreatedOnToolsVersion = 10.2.1;
						TestTargetID = 964A21B822973ACA004980B5;
					};
				};
			};
			buildConfigurationList = 964A21B422973ACA004980B5 /* Build configuration list for PBXProject "MozendaApp" */;
			compatibilityVersion = "Xcode 9.3";
			developmentRegion = en;
			hasScannedForEncodings = 0;
			knownRegions = (
				en,
				Base,
			);
			mainGroup = 964A21B022973ACA004980B5;
			productRefGroup = 964A21BA22973ACA004980B5 /* Products */;
			projectDirPath = "";
			projectRoot = "";
			targets = (
				964A21B822973ACA004980B5 /* MozendaApp */,
				964A21CC22973ACB004980B5 /* MozendaAppTests */,
				964A21D722973ACB004980B5 /* MozendaAppUITests */,
			);
		};
/* End PBXProject section */

/* Begin PBXResourcesBuildPhase section */
		964A21B722973ACA004980B5 /* Resources */ = {
			isa = PBXResourcesBuildPhase;
			buildActionMask = 2147483647;
			files = (
				964A21C722973ACB004980B5 /* LaunchScreen.storyboard in Resources */,
				964A21C422973ACB004980B5 /* Assets.xcassets in Resources */,
				964A21C222973ACA004980B5 /* Main.storyboard in Resources */,
			);
			runOnlyForDeploymentPostprocessing = 0;
		};
		964A21CB22973ACB004980B5 /* Resources */ = {
			isa = PBXResourcesBuildPhase;
			buildActionMask = 2147483647;
			files = (
			);
			runOnlyForDeploymentPostprocessing = 0;
		};
		964A21D622973ACB004980B5 /* Resources */ = {
			isa = PBXResourcesBuildPhase;
			buildActionMask = 2147483647;
			files = (
			);
			runOnlyForDeploymentPostprocessing = 0;
		};
/* End PBXResourcesBuildPhase section */

/* Begin PBXShellScriptBuildPhase section */
		0CD4D7FA633E9EBFD12343A6 /* [CP] Check Pods Manifest.lock */ = {
			isa = PBXShellScriptBuildPhase;
			buildActionMask = 2147483647;
			files = (
			);
			inputFileListPaths = (
			);
			inputPaths = (
				"${PODS_PODFILE_DIR_PATH}/Podfile.lock",
				"${PODS_ROOT}/Manifest.lock",
			);
			name = "[CP] Check Pods Manifest.lock";
			outputFileListPaths = (
			);
			outputPaths = (
				"$(DERIVED_FILE_DIR)/Pods-MozendaAppTests-checkManifestLockResult.txt",
			);
			runOnlyForDeploymentPostprocessing = 0;
			shellPath = /bin/sh;
			shellScript = "diff \"${PODS_PODFILE_DIR_PATH}/Podfile.lock\" \"${PODS_ROOT}/Manifest.lock\" > /dev/null\nif [ $? != 0 ] ; then\n    # print error to STDERR\n    echo \"error: The sandbox is not in sync with the Podfile.lock. Run 'pod install' or update your CocoaPods installation.\" >&2\n    exit 1\nfi\n# This output is used by Xcode 'outputs' to avoid re-running this script phase.\necho \"SUCCESS\" > \"${SCRIPT_OUTPUT_FILE_0}\"\n";
			showEnvVarsInLog = 0;
		};
		77E5E4A6C514F4F70AD31030 /* [CP] Check Pods Manifest.lock */ = {
			isa = PBXShellScriptBuildPhase;
			buildActionMask = 2147483647;
			files = (
			);
			inputFileListPaths = (
			);
			inputPaths = (
				"${PODS_PODFILE_DIR_PATH}/Podfile.lock",
				"${PODS_ROOT}/Manifest.lock",
			);
			name = "[CP] Check Pods Manifest.lock";
			outputFileListPaths = (
			);
			outputPaths = (
				"$(DERIVED_FILE_DIR)/Pods-MozendaApp-checkManifestLockResult.txt",
			);
			runOnlyForDeploymentPostprocessing = 0;
			shellPath = /bin/sh;
			shellScript = "diff \"${PODS_PODFILE_DIR_PATH}/Podfile.lock\" \"${PODS_ROOT}/Manifest.lock\" > /dev/null\nif [ $? != 0 ] ; then\n    # print error to STDERR\n    echo \"error: The sandbox is not in sync with the Podfile.lock. Run 'pod install' or update your CocoaPods installation.\" >&2\n    exit 1\nfi\n# This output is used by Xcode 'outputs' to avoid re-running this script phase.\necho \"SUCCESS\" > \"${SCRIPT_OUTPUT_FILE_0}\"\n";
			showEnvVarsInLog = 0;
		};
		8AA371276892AC511C552D50 /* [CP] Embed Pods Frameworks */ = {
			isa = PBXShellScriptBuildPhase;
			buildActionMask = 2147483647;
			files = (
			);
			inputFileListPaths = (
				"${PODS_ROOT}/Target Support Files/Pods-MozendaApp/Pods-MozendaApp-frameworks-${CONFIGURATION}-input-files.xcfilelist",
			);
			name = "[CP] Embed Pods Frameworks";
			outputFileListPaths = (
				"${PODS_ROOT}/Target Support Files/Pods-MozendaApp/Pods-MozendaApp-frameworks-${CONFIGURATION}-output-files.xcfilelist",
			);
			runOnlyForDeploymentPostprocessing = 0;
			shellPath = /bin/sh;
			shellScript = "\"${PODS_ROOT}/Target Support Files/Pods-MozendaApp/Pods-MozendaApp-frameworks.sh\"\n";
			showEnvVarsInLog = 0;
		};
		FD9B82D556550DA379FE3860 /* [CP] Check Pods Manifest.lock */ = {
			isa = PBXShellScriptBuildPhase;
			buildActionMask = 2147483647;
			files = (
			);
			inputFileListPaths = (
			);
			inputPaths = (
				"${PODS_PODFILE_DIR_PATH}/Podfile.lock",
				"${PODS_ROOT}/Manifest.lock",
			);
			name = "[CP] Check Pods Manifest.lock";
			outputFileListPaths = (
			);
			outputPaths = (
				"$(DERIVED_FILE_DIR)/Pods-MozendaAppUITests-checkManifestLockResult.txt",
			);
			runOnlyForDeploymentPostprocessing = 0;
			shellPath = /bin/sh;
			shellScript = "diff \"${PODS_PODFILE_DIR_PATH}/Podfile.lock\" \"${PODS_ROOT}/Manifest.lock\" > /dev/null\nif [ $? != 0 ] ; then\n    # print error to STDERR\n    echo \"error: The sandbox is not in sync with the Podfile.lock. Run 'pod install' or update your CocoaPods installation.\" >&2\n    exit 1\nfi\n# This output is used by Xcode 'outputs' to avoid re-running this script phase.\necho \"SUCCESS\" > \"${SCRIPT_OUTPUT_FILE_0}\"\n";
			showEnvVarsInLog = 0;
		};
/* End PBXShellScriptBuildPhase section */

/* Begin PBXSourcesBuildPhase section */
		964A21B522973ACA004980B5 /* Sources */ = {
			isa = PBXSourcesBuildPhase;
			buildActionMask = 2147483647;
			files = (
				633E0B6C23BBED0800ABD073 /* NetworkController.swift in Sources */,
				633E0B7223BBED1800ABD073 /* AgentService.swift in Sources */,
				63300DED23B9374600A9EF90 /* NetworkController.swift in Sources */,
				964A21BF22973ACA004980B5 /* ViewController.swift in Sources */,
				633E0B7323BBED1800ABD073 /* APIService.swift in Sources */,
				96B9762922E0E7E3003E1A82 /* AgentTableViewCell.swift in Sources */,
				633E0B6523BBECE600ABD073 /* Agent.swift in Sources */,
				633E0B7423BBED1800ABD073 /* JobService.swift in Sources */,
				633E0B6E23BBED0D00ABD073 /* Status.swift in Sources */,
				964A21BD22973ACA004980B5 /* AppDelegate.swift in Sources */,
				633E0B6A23BBECFF00ABD073 /* Job.swift in Sources */,
				96C97312229899F200D22B29 /* AgentListViewController.swift in Sources */,
			);
			runOnlyForDeploymentPostprocessing = 0;
		};
		964A21C922973ACB004980B5 /* Sources */ = {
			isa = PBXSourcesBuildPhase;
			buildActionMask = 2147483647;
			files = (
				964A21D222973ACB004980B5 /* MozendaAppTests.swift in Sources */,
			);
			runOnlyForDeploymentPostprocessing = 0;
		};
		964A21D422973ACB004980B5 /* Sources */ = {
			isa = PBXSourcesBuildPhase;
			buildActionMask = 2147483647;
			files = (
				964A21DD22973ACB004980B5 /* MozendaAppUITests.swift in Sources */,
				633E0B6723BBECE900ABD073 /* Agent.swift in Sources */,
			);
			runOnlyForDeploymentPostprocessing = 0;
		};
/* End PBXSourcesBuildPhase section */

/* Begin PBXTargetDependency section */
		964A21CF22973ACB004980B5 /* PBXTargetDependency */ = {
			isa = PBXTargetDependency;
			target = 964A21B822973ACA004980B5 /* MozendaApp */;
			targetProxy = 964A21CE22973ACB004980B5 /* PBXContainerItemProxy */;
		};
		964A21DA22973ACB004980B5 /* PBXTargetDependency */ = {
			isa = PBXTargetDependency;
			target = 964A21B822973ACA004980B5 /* MozendaApp */;
			targetProxy = 964A21D922973ACB004980B5 /* PBXContainerItemProxy */;
		};
/* End PBXTargetDependency section */

/* Begin PBXVariantGroup section */
		964A21C022973ACA004980B5 /* Main.storyboard */ = {
			isa = PBXVariantGroup;
			children = (
				964A21C122973ACA004980B5 /* Base */,
			);
			name = Main.storyboard;
			sourceTree = "<group>";
		};
		964A21C522973ACB004980B5 /* LaunchScreen.storyboard */ = {
			isa = PBXVariantGroup;
			children = (
				964A21C622973ACB004980B5 /* Base */,
			);
			name = LaunchScreen.storyboard;
			sourceTree = "<group>";
		};
/* End PBXVariantGroup section */

/* Begin XCBuildConfiguration section */
		964A21DF22973ACB004980B5 /* Debug */ = {
			isa = XCBuildConfiguration;
			buildSettings = {
				ALWAYS_SEARCH_USER_PATHS = NO;
				CLANG_ANALYZER_NONNULL = YES;
				CLANG_ANALYZER_NUMBER_OBJECT_CONVERSION = YES_AGGRESSIVE;
				CLANG_CXX_LANGUAGE_STANDARD = "gnu++14";
				CLANG_CXX_LIBRARY = "libc++";
				CLANG_ENABLE_MODULES = YES;
				CLANG_ENABLE_OBJC_ARC = YES;
				CLANG_ENABLE_OBJC_WEAK = YES;
				CLANG_WARN_BLOCK_CAPTURE_AUTORELEASING = YES;
				CLANG_WARN_BOOL_CONVERSION = YES;
				CLANG_WARN_COMMA = YES;
				CLANG_WARN_CONSTANT_CONVERSION = YES;
				CLANG_WARN_DEPRECATED_OBJC_IMPLEMENTATIONS = YES;
				CLANG_WARN_DIRECT_OBJC_ISA_USAGE = YES_ERROR;
				CLANG_WARN_DOCUMENTATION_COMMENTS = YES;
				CLANG_WARN_EMPTY_BODY = YES;
				CLANG_WARN_ENUM_CONVERSION = YES;
				CLANG_WARN_INFINITE_RECURSION = YES;
				CLANG_WARN_INT_CONVERSION = YES;
				CLANG_WARN_NON_LITERAL_NULL_CONVERSION = YES;
				CLANG_WARN_OBJC_IMPLICIT_RETAIN_SELF = YES;
				CLANG_WARN_OBJC_LITERAL_CONVERSION = YES;
				CLANG_WARN_OBJC_ROOT_CLASS = YES_ERROR;
				CLANG_WARN_RANGE_LOOP_ANALYSIS = YES;
				CLANG_WARN_STRICT_PROTOTYPES = YES;
				CLANG_WARN_SUSPICIOUS_MOVE = YES;
				CLANG_WARN_UNGUARDED_AVAILABILITY = YES_AGGRESSIVE;
				CLANG_WARN_UNREACHABLE_CODE = YES;
				CLANG_WARN__DUPLICATE_METHOD_MATCH = YES;
				CODE_SIGN_IDENTITY = "iPhone Developer";
				COPY_PHASE_STRIP = NO;
				DEBUG_INFORMATION_FORMAT = dwarf;
				ENABLE_STRICT_OBJC_MSGSEND = YES;
				ENABLE_TESTABILITY = YES;
				GCC_C_LANGUAGE_STANDARD = gnu11;
				GCC_DYNAMIC_NO_PIC = NO;
				GCC_NO_COMMON_BLOCKS = YES;
				GCC_OPTIMIZATION_LEVEL = 0;
				GCC_PREPROCESSOR_DEFINITIONS = (
					"DEBUG=1",
					"$(inherited)",
				);
				GCC_WARN_64_TO_32_BIT_CONVERSION = YES;
				GCC_WARN_ABOUT_RETURN_TYPE = YES_ERROR;
				GCC_WARN_UNDECLARED_SELECTOR = YES;
				GCC_WARN_UNINITIALIZED_AUTOS = YES_AGGRESSIVE;
				GCC_WARN_UNUSED_FUNCTION = YES;
				GCC_WARN_UNUSED_VARIABLE = YES;
				IPHONEOS_DEPLOYMENT_TARGET = 12.2;
				MTL_ENABLE_DEBUG_INFO = INCLUDE_SOURCE;
				MTL_FAST_MATH = YES;
				ONLY_ACTIVE_ARCH = YES;
				SDKROOT = iphoneos;
				SWIFT_ACTIVE_COMPILATION_CONDITIONS = DEBUG;
				SWIFT_OPTIMIZATION_LEVEL = "-Onone";
			};
			name = Debug;
		};
		964A21E022973ACB004980B5 /* Release */ = {
			isa = XCBuildConfiguration;
			buildSettings = {
				ALWAYS_SEARCH_USER_PATHS = NO;
				CLANG_ANALYZER_NONNULL = YES;
				CLANG_ANALYZER_NUMBER_OBJECT_CONVERSION = YES_AGGRESSIVE;
				CLANG_CXX_LANGUAGE_STANDARD = "gnu++14";
				CLANG_CXX_LIBRARY = "libc++";
				CLANG_ENABLE_MODULES = YES;
				CLANG_ENABLE_OBJC_ARC = YES;
				CLANG_ENABLE_OBJC_WEAK = YES;
				CLANG_WARN_BLOCK_CAPTURE_AUTORELEASING = YES;
				CLANG_WARN_BOOL_CONVERSION = YES;
				CLANG_WARN_COMMA = YES;
				CLANG_WARN_CONSTANT_CONVERSION = YES;
				CLANG_WARN_DEPRECATED_OBJC_IMPLEMENTATIONS = YES;
				CLANG_WARN_DIRECT_OBJC_ISA_USAGE = YES_ERROR;
				CLANG_WARN_DOCUMENTATION_COMMENTS = YES;
				CLANG_WARN_EMPTY_BODY = YES;
				CLANG_WARN_ENUM_CONVERSION = YES;
				CLANG_WARN_INFINITE_RECURSION = YES;
				CLANG_WARN_INT_CONVERSION = YES;
				CLANG_WARN_NON_LITERAL_NULL_CONVERSION = YES;
				CLANG_WARN_OBJC_IMPLICIT_RETAIN_SELF = YES;
				CLANG_WARN_OBJC_LITERAL_CONVERSION = YES;
				CLANG_WARN_OBJC_ROOT_CLASS = YES_ERROR;
				CLANG_WARN_RANGE_LOOP_ANALYSIS = YES;
				CLANG_WARN_STRICT_PROTOTYPES = YES;
				CLANG_WARN_SUSPICIOUS_MOVE = YES;
				CLANG_WARN_UNGUARDED_AVAILABILITY = YES_AGGRESSIVE;
				CLANG_WARN_UNREACHABLE_CODE = YES;
				CLANG_WARN__DUPLICATE_METHOD_MATCH = YES;
				CODE_SIGN_IDENTITY = "iPhone Developer";
				COPY_PHASE_STRIP = NO;
				DEBUG_INFORMATION_FORMAT = "dwarf-with-dsym";
				ENABLE_NS_ASSERTIONS = NO;
				ENABLE_STRICT_OBJC_MSGSEND = YES;
				GCC_C_LANGUAGE_STANDARD = gnu11;
				GCC_NO_COMMON_BLOCKS = YES;
				GCC_WARN_64_TO_32_BIT_CONVERSION = YES;
				GCC_WARN_ABOUT_RETURN_TYPE = YES_ERROR;
				GCC_WARN_UNDECLARED_SELECTOR = YES;
				GCC_WARN_UNINITIALIZED_AUTOS = YES_AGGRESSIVE;
				GCC_WARN_UNUSED_FUNCTION = YES;
				GCC_WARN_UNUSED_VARIABLE = YES;
				IPHONEOS_DEPLOYMENT_TARGET = 12.2;
				MTL_ENABLE_DEBUG_INFO = NO;
				MTL_FAST_MATH = YES;
				SDKROOT = iphoneos;
				SWIFT_COMPILATION_MODE = wholemodule;
				SWIFT_OPTIMIZATION_LEVEL = "-O";
				VALIDATE_PRODUCT = YES;
			};
			name = Release;
		};
		964A21E222973ACB004980B5 /* Debug */ = {
			isa = XCBuildConfiguration;
			baseConfigurationReference = 9A249B54B9C232DCCEC49266 /* Pods-MozendaApp.debug.xcconfig */;
			buildSettings = {
				ASSETCATALOG_COMPILER_APPICON_NAME = AppIcon;
				CODE_SIGN_STYLE = Automatic;
				DEVELOPMENT_TEAM = JLLV7F3JQ4;
				INFOPLIST_FILE = MozendaApp/Info.plist;
				LD_RUNPATH_SEARCH_PATHS = (
					"$(inherited)",
					"@executable_path/Frameworks",
				);
				PRODUCT_BUNDLE_IDENTIFIER = "work.davidmiller.Mozenda-App";
				PRODUCT_NAME = "$(TARGET_NAME)";
				SWIFT_VERSION = 5.0;
				TARGETED_DEVICE_FAMILY = "1,2";
			};
			name = Debug;
		};
		964A21E322973ACB004980B5 /* Release */ = {
			isa = XCBuildConfiguration;
			baseConfigurationReference = FBF519108EE32999F8922FCE /* Pods-MozendaApp.release.xcconfig */;
			buildSettings = {
				ASSETCATALOG_COMPILER_APPICON_NAME = AppIcon;
				CODE_SIGN_STYLE = Automatic;
				DEVELOPMENT_TEAM = JLLV7F3JQ4;
				INFOPLIST_FILE = MozendaApp/Info.plist;
				LD_RUNPATH_SEARCH_PATHS = (
					"$(inherited)",
					"@executable_path/Frameworks",
				);
				PRODUCT_BUNDLE_IDENTIFIER = "work.davidmiller.Mozenda-App";
				PRODUCT_NAME = "$(TARGET_NAME)";
				SWIFT_VERSION = 5.0;
				TARGETED_DEVICE_FAMILY = "1,2";
			};
			name = Release;
		};
		964A21E522973ACB004980B5 /* Debug */ = {
			isa = XCBuildConfiguration;
			baseConfigurationReference = 221BFB91C1CE8FF6785DFD2E /* Pods-MozendaAppTests.debug.xcconfig */;
			buildSettings = {
				ALWAYS_EMBED_SWIFT_STANDARD_LIBRARIES = YES;
				BUNDLE_LOADER = "$(TEST_HOST)";
				CODE_SIGN_STYLE = Automatic;
				DEVELOPMENT_TEAM = 776A638QZU;
				INFOPLIST_FILE = MozendaAppTests/Info.plist;
				LD_RUNPATH_SEARCH_PATHS = (
					"$(inherited)",
					"@executable_path/Frameworks",
					"@loader_path/Frameworks",
				);
				PRODUCT_BUNDLE_IDENTIFIER = work.davidmiller.MozendaAppTests;
				PRODUCT_NAME = "$(TARGET_NAME)";
				SWIFT_VERSION = 5.0;
				TARGETED_DEVICE_FAMILY = "1,2";
				TEST_HOST = "$(BUILT_PRODUCTS_DIR)/MozendaApp.app/MozendaApp";
			};
			name = Debug;
		};
		964A21E622973ACB004980B5 /* Release */ = {
			isa = XCBuildConfiguration;
			baseConfigurationReference = F4A296A7C1BC9B7D17D63D9B /* Pods-MozendaAppTests.release.xcconfig */;
			buildSettings = {
				ALWAYS_EMBED_SWIFT_STANDARD_LIBRARIES = YES;
				BUNDLE_LOADER = "$(TEST_HOST)";
				CODE_SIGN_STYLE = Automatic;
				DEVELOPMENT_TEAM = 776A638QZU;
				INFOPLIST_FILE = MozendaAppTests/Info.plist;
				LD_RUNPATH_SEARCH_PATHS = (
					"$(inherited)",
					"@executable_path/Frameworks",
					"@loader_path/Frameworks",
				);
				PRODUCT_BUNDLE_IDENTIFIER = work.davidmiller.MozendaAppTests;
				PRODUCT_NAME = "$(TARGET_NAME)";
				SWIFT_VERSION = 5.0;
				TARGETED_DEVICE_FAMILY = "1,2";
				TEST_HOST = "$(BUILT_PRODUCTS_DIR)/MozendaApp.app/MozendaApp";
			};
			name = Release;
		};
		964A21E822973ACB004980B5 /* Debug */ = {
			isa = XCBuildConfiguration;
			baseConfigurationReference = F07291D6BFB91E926B82E700 /* Pods-MozendaAppUITests.debug.xcconfig */;
			buildSettings = {
				ALWAYS_EMBED_SWIFT_STANDARD_LIBRARIES = YES;
				CODE_SIGN_STYLE = Automatic;
				DEVELOPMENT_TEAM = 776A638QZU;
				INFOPLIST_FILE = MozendaAppUITests/Info.plist;
				LD_RUNPATH_SEARCH_PATHS = (
					"$(inherited)",
					"@executable_path/Frameworks",
					"@loader_path/Frameworks",
				);
				PRODUCT_BUNDLE_IDENTIFIER = work.davidmiller.MozendaAppUITests;
				PRODUCT_NAME = "$(TARGET_NAME)";
				SWIFT_VERSION = 5.0;
				TARGETED_DEVICE_FAMILY = "1,2";
				TEST_TARGET_NAME = MozendaApp;
			};
			name = Debug;
		};
		964A21E922973ACB004980B5 /* Release */ = {
			isa = XCBuildConfiguration;
			baseConfigurationReference = EC9D7E0AA33CED3EFD052E65 /* Pods-MozendaAppUITests.release.xcconfig */;
			buildSettings = {
				ALWAYS_EMBED_SWIFT_STANDARD_LIBRARIES = YES;
				CODE_SIGN_STYLE = Automatic;
				DEVELOPMENT_TEAM = 776A638QZU;
				INFOPLIST_FILE = MozendaAppUITests/Info.plist;
				LD_RUNPATH_SEARCH_PATHS = (
					"$(inherited)",
					"@executable_path/Frameworks",
					"@loader_path/Frameworks",
				);
				PRODUCT_BUNDLE_IDENTIFIER = work.davidmiller.MozendaAppUITests;
				PRODUCT_NAME = "$(TARGET_NAME)";
				SWIFT_VERSION = 5.0;
				TARGETED_DEVICE_FAMILY = "1,2";
				TEST_TARGET_NAME = MozendaApp;
			};
			name = Release;
		};
/* End XCBuildConfiguration section */

/* Begin XCConfigurationList section */
		964A21B422973ACA004980B5 /* Build configuration list for PBXProject "MozendaApp" */ = {
			isa = XCConfigurationList;
			buildConfigurations = (
				964A21DF22973ACB004980B5 /* Debug */,
				964A21E022973ACB004980B5 /* Release */,
			);
			defaultConfigurationIsVisible = 0;
			defaultConfigurationName = Release;
		};
		964A21E122973ACB004980B5 /* Build configuration list for PBXNativeTarget "MozendaApp" */ = {
			isa = XCConfigurationList;
			buildConfigurations = (
				964A21E222973ACB004980B5 /* Debug */,
				964A21E322973ACB004980B5 /* Release */,
			);
			defaultConfigurationIsVisible = 0;
			defaultConfigurationName = Release;
		};
		964A21E422973ACB004980B5 /* Build configuration list for PBXNativeTarget "MozendaAppTests" */ = {
			isa = XCConfigurationList;
			buildConfigurations = (
				964A21E522973ACB004980B5 /* Debug */,
				964A21E622973ACB004980B5 /* Release */,
			);
			defaultConfigurationIsVisible = 0;
			defaultConfigurationName = Release;
		};
		964A21E722973ACB004980B5 /* Build configuration list for PBXNativeTarget "MozendaAppUITests" */ = {
			isa = XCConfigurationList;
			buildConfigurations = (
				964A21E822973ACB004980B5 /* Debug */,
				964A21E922973ACB004980B5 /* Release */,
			);
			defaultConfigurationIsVisible = 0;
			defaultConfigurationName = Release;
		};
/* End XCConfigurationList section */
	};
	rootObject = 964A21B122973ACA004980B5 /* Project object */;
}
