// !$*UTF8*$!
{
	archiveVersion = 1;
	classes = {
	};
	objectVersion = 51;
	objects = {

/* Begin PBXBuildFile section */
		1D6CC6E0E4A80017A90436C8 /* Pods_MozendaTests.framework in Frameworks */ = {isa = PBXBuildFile; fileRef = BB1A2C3C5C7BC491E99C431E /* Pods_MozendaTests.framework */; };
		5F96B3ABDE843CDB0A031210 /* Pods_Mozenda.framework in Frameworks */ = {isa = PBXBuildFile; fileRef = 9DBEDAC264956E294D7A7D79 /* Pods_Mozenda.framework */; };
		9671BBB82450F1300036564E /* Agents.storyboard in Resources */ = {isa = PBXBuildFile; fileRef = 9671BBB72450F1300036564E /* Agents.storyboard */; };
		9671BBBB2450F2F80036564E /* Collections.storyboard in Resources */ = {isa = PBXBuildFile; fileRef = 9671BBBA2450F2F80036564E /* Collections.storyboard */; };
		9671BBBD2450F3090036564E /* Settings.storyboard in Resources */ = {isa = PBXBuildFile; fileRef = 9671BBBC2450F3090036564E /* Settings.storyboard */; };
		9671BBBF2450F4310036564E /* SceneDelegate.swift in Sources */ = {isa = PBXBuildFile; fileRef = 9671BBBE2450F4310036564E /* SceneDelegate.swift */; };
		9671BBC22450F48C0036564E /* MasterViewController.swift in Sources */ = {isa = PBXBuildFile; fileRef = 9671BBC02450F48C0036564E /* MasterViewController.swift */; };
		9671BBC32450F48C0036564E /* DetailViewController.swift in Sources */ = {isa = PBXBuildFile; fileRef = 9671BBC12450F48C0036564E /* DetailViewController.swift */; };
		9671BBC62450F9610036564E /* SettingsSplitViewController.swift in Sources */ = {isa = PBXBuildFile; fileRef = 9671BBC52450F9610036564E /* SettingsSplitViewController.swift */; };
		9671BBCB2450F9DD0036564E /* AgentsSplitViewController.swift in Sources */ = {isa = PBXBuildFile; fileRef = 9671BBCA2450F9DD0036564E /* AgentsSplitViewController.swift */; };
		9671BBCD2450F9ED0036564E /* CollectionsSplitViewController.swift in Sources */ = {isa = PBXBuildFile; fileRef = 9671BBCC2450F9ED0036564E /* CollectionsSplitViewController.swift */; };
		968228A7245A1F260010968D /* NetworkHandler.swift in Sources */ = {isa = PBXBuildFile; fileRef = 968228A6245A1F260010968D /* NetworkHandler.swift */; };
		968228A9245A22240010968D /* AgentModels.swift in Sources */ = {isa = PBXBuildFile; fileRef = 968228A8245A22240010968D /* AgentModels.swift */; };
		968228AB245A35D30010968D /* JobModels.swift in Sources */ = {isa = PBXBuildFile; fileRef = 968228AA245A35D30010968D /* JobModels.swift */; };
		968E8AD42450EC2500B93C51 /* AppDelegate.swift in Sources */ = {isa = PBXBuildFile; fileRef = 968E8AD32450EC2500B93C51 /* AppDelegate.swift */; };
		968E8ADD2450EC2500B93C51 /* Home.storyboard in Resources */ = {isa = PBXBuildFile; fileRef = 968E8ADB2450EC2500B93C51 /* Home.storyboard */; };
		968E8ADF2450EC2600B93C51 /* Assets.xcassets in Resources */ = {isa = PBXBuildFile; fileRef = 968E8ADE2450EC2600B93C51 /* Assets.xcassets */; };
		968E8AE22450EC2600B93C51 /* LaunchScreen.storyboard in Resources */ = {isa = PBXBuildFile; fileRef = 968E8AE02450EC2600B93C51 /* LaunchScreen.storyboard */; };
		968E8AED2450EC2600B93C51 /* MozendaTests.swift in Sources */ = {isa = PBXBuildFile; fileRef = 968E8AEC2450EC2600B93C51 /* MozendaTests.swift */; };
		96D191472451051E00D2816A /* CollectionDetailViewController.swift in Sources */ = {isa = PBXBuildFile; fileRef = 96D191462451051E00D2816A /* CollectionDetailViewController.swift */; };
		96D191492451053C00D2816A /* AgentDetailViewController.swift in Sources */ = {isa = PBXBuildFile; fileRef = 96D191482451053C00D2816A /* AgentDetailViewController.swift */; };
/* End PBXBuildFile section */

/* Begin PBXContainerItemProxy section */
		968E8AE92450EC2600B93C51 /* PBXContainerItemProxy */ = {
			isa = PBXContainerItemProxy;
			containerPortal = 968E8AC82450EC2500B93C51 /* Project object */;
			proxyType = 1;
			remoteGlobalIDString = 968E8ACF2450EC2500B93C51;
			remoteInfo = Mozenda;
		};
/* End PBXContainerItemProxy section */

/* Begin PBXFileReference section */
		2056A221400971B9C5DF9501 /* Pods-Mozenda.release.xcconfig */ = {isa = PBXFileReference; includeInIndex = 1; lastKnownFileType = text.xcconfig; name = "Pods-Mozenda.release.xcconfig"; path = "Target Support Files/Pods-Mozenda/Pods-Mozenda.release.xcconfig"; sourceTree = "<group>"; };
		4E7DFD5E2610B4916D7B3759 /* Pods-Mozenda.debug.xcconfig */ = {isa = PBXFileReference; includeInIndex = 1; lastKnownFileType = text.xcconfig; name = "Pods-Mozenda.debug.xcconfig"; path = "Target Support Files/Pods-Mozenda/Pods-Mozenda.debug.xcconfig"; sourceTree = "<group>"; };
		65799731423FC593DCB6AE6F /* Pods-MozendaTests.release.xcconfig */ = {isa = PBXFileReference; includeInIndex = 1; lastKnownFileType = text.xcconfig; name = "Pods-MozendaTests.release.xcconfig"; path = "Target Support Files/Pods-MozendaTests/Pods-MozendaTests.release.xcconfig"; sourceTree = "<group>"; };
		9671BBB72450F1300036564E /* Agents.storyboard */ = {isa = PBXFileReference; lastKnownFileType = file.storyboard; path = Agents.storyboard; sourceTree = "<group>"; };
		9671BBBA2450F2F80036564E /* Collections.storyboard */ = {isa = PBXFileReference; lastKnownFileType = file.storyboard; path = Collections.storyboard; sourceTree = "<group>"; };
		9671BBBC2450F3090036564E /* Settings.storyboard */ = {isa = PBXFileReference; lastKnownFileType = file.storyboard; path = Settings.storyboard; sourceTree = "<group>"; };
		9671BBBE2450F4310036564E /* SceneDelegate.swift */ = {isa = PBXFileReference; fileEncoding = 4; lastKnownFileType = sourcecode.swift; name = SceneDelegate.swift; path = Mozenda/SceneDelegate.swift; sourceTree = SOURCE_ROOT; };
		9671BBC02450F48C0036564E /* MasterViewController.swift */ = {isa = PBXFileReference; fileEncoding = 4; lastKnownFileType = sourcecode.swift; path = MasterViewController.swift; sourceTree = "<group>"; };
		9671BBC12450F48C0036564E /* DetailViewController.swift */ = {isa = PBXFileReference; fileEncoding = 4; lastKnownFileType = sourcecode.swift; path = DetailViewController.swift; sourceTree = "<group>"; };
		9671BBC52450F9610036564E /* SettingsSplitViewController.swift */ = {isa = PBXFileReference; lastKnownFileType = sourcecode.swift; path = SettingsSplitViewController.swift; sourceTree = "<group>"; };
		9671BBCA2450F9DD0036564E /* AgentsSplitViewController.swift */ = {isa = PBXFileReference; lastKnownFileType = sourcecode.swift; path = AgentsSplitViewController.swift; sourceTree = "<group>"; };
		9671BBCC2450F9ED0036564E /* CollectionsSplitViewController.swift */ = {isa = PBXFileReference; lastKnownFileType = sourcecode.swift; path = CollectionsSplitViewController.swift; sourceTree = "<group>"; };
		968228A6245A1F260010968D /* NetworkHandler.swift */ = {isa = PBXFileReference; lastKnownFileType = sourcecode.swift; path = NetworkHandler.swift; sourceTree = "<group>"; };
		968228A8245A22240010968D /* AgentModels.swift */ = {isa = PBXFileReference; lastKnownFileType = sourcecode.swift; path = AgentModels.swift; sourceTree = "<group>"; };
		968228AA245A35D30010968D /* JobModels.swift */ = {isa = PBXFileReference; lastKnownFileType = sourcecode.swift; path = JobModels.swift; sourceTree = "<group>"; };
		968E8AD02450EC2500B93C51 /* Mozenda.app */ = {isa = PBXFileReference; explicitFileType = wrapper.application; includeInIndex = 0; path = Mozenda.app; sourceTree = BUILT_PRODUCTS_DIR; };
		968E8AD32450EC2500B93C51 /* AppDelegate.swift */ = {isa = PBXFileReference; lastKnownFileType = sourcecode.swift; path = AppDelegate.swift; sourceTree = "<group>"; };
		968E8ADC2450EC2500B93C51 /* Base */ = {isa = PBXFileReference; lastKnownFileType = file.storyboard; name = Base; path = Base.lproj/Home.storyboard; sourceTree = "<group>"; };
		968E8ADE2450EC2600B93C51 /* Assets.xcassets */ = {isa = PBXFileReference; lastKnownFileType = folder.assetcatalog; path = Assets.xcassets; sourceTree = "<group>"; };
		968E8AE12450EC2600B93C51 /* Base */ = {isa = PBXFileReference; lastKnownFileType = file.storyboard; name = Base; path = Base.lproj/LaunchScreen.storyboard; sourceTree = "<group>"; };
		968E8AE32450EC2600B93C51 /* Info.plist */ = {isa = PBXFileReference; lastKnownFileType = text.plist.xml; path = Info.plist; sourceTree = "<group>"; };
		968E8AE82450EC2600B93C51 /* MozendaTests.xctest */ = {isa = PBXFileReference; explicitFileType = wrapper.cfbundle; includeInIndex = 0; path = MozendaTests.xctest; sourceTree = BUILT_PRODUCTS_DIR; };
		968E8AEC2450EC2600B93C51 /* MozendaTests.swift */ = {isa = PBXFileReference; lastKnownFileType = sourcecode.swift; path = MozendaTests.swift; sourceTree = "<group>"; };
		968E8AEE2450EC2600B93C51 /* Info.plist */ = {isa = PBXFileReference; lastKnownFileType = text.plist.xml; path = Info.plist; sourceTree = "<group>"; };
		96D191462451051E00D2816A /* CollectionDetailViewController.swift */ = {isa = PBXFileReference; lastKnownFileType = sourcecode.swift; path = CollectionDetailViewController.swift; sourceTree = "<group>"; };
		96D191482451053C00D2816A /* AgentDetailViewController.swift */ = {isa = PBXFileReference; lastKnownFileType = sourcecode.swift; path = AgentDetailViewController.swift; sourceTree = "<group>"; };
		9DBEDAC264956E294D7A7D79 /* Pods_Mozenda.framework */ = {isa = PBXFileReference; explicitFileType = wrapper.framework; includeInIndex = 0; path = Pods_Mozenda.framework; sourceTree = BUILT_PRODUCTS_DIR; };
		A6D5A8B027900AA187DA36EE /* Pods-MozendaTests.debug.xcconfig */ = {isa = PBXFileReference; includeInIndex = 1; lastKnownFileType = text.xcconfig; name = "Pods-MozendaTests.debug.xcconfig"; path = "Target Support Files/Pods-MozendaTests/Pods-MozendaTests.debug.xcconfig"; sourceTree = "<group>"; };
		BB1A2C3C5C7BC491E99C431E /* Pods_MozendaTests.framework */ = {isa = PBXFileReference; explicitFileType = wrapper.framework; includeInIndex = 0; path = Pods_MozendaTests.framework; sourceTree = BUILT_PRODUCTS_DIR; };
/* End PBXFileReference section */

/* Begin PBXFrameworksBuildPhase section */
		968E8ACD2450EC2500B93C51 /* Frameworks */ = {
			isa = PBXFrameworksBuildPhase;
			buildActionMask = 2147483647;
			files = (
				5F96B3ABDE843CDB0A031210 /* Pods_Mozenda.framework in Frameworks */,
			);
			runOnlyForDeploymentPostprocessing = 0;
		};
		968E8AE52450EC2600B93C51 /* Frameworks */ = {
			isa = PBXFrameworksBuildPhase;
			buildActionMask = 2147483647;
			files = (
				1D6CC6E0E4A80017A90436C8 /* Pods_MozendaTests.framework in Frameworks */,
			);
			runOnlyForDeploymentPostprocessing = 0;
		};
/* End PBXFrameworksBuildPhase section */

/* Begin PBXGroup section */
		72D4600FFEC15858EDAE790B /* Pods */ = {
			isa = PBXGroup;
			children = (
				4E7DFD5E2610B4916D7B3759 /* Pods-Mozenda.debug.xcconfig */,
				2056A221400971B9C5DF9501 /* Pods-Mozenda.release.xcconfig */,
				A6D5A8B027900AA187DA36EE /* Pods-MozendaTests.debug.xcconfig */,
				65799731423FC593DCB6AE6F /* Pods-MozendaTests.release.xcconfig */,
			);
			path = Pods;
			sourceTree = "<group>";
		};
		9671BBB92450F15A0036564E /* Storyboards */ = {
			isa = PBXGroup;
			children = (
				968E8ADB2450EC2500B93C51 /* Home.storyboard */,
				9671BBB72450F1300036564E /* Agents.storyboard */,
				968E8AE02450EC2600B93C51 /* LaunchScreen.storyboard */,
				9671BBBA2450F2F80036564E /* Collections.storyboard */,
				9671BBBC2450F3090036564E /* Settings.storyboard */,
			);
			path = Storyboards;
			sourceTree = "<group>";
		};
		9671BBC42450F9030036564E /* Views */ = {
			isa = PBXGroup;
			children = (
				9671BBC92450F9BB0036564E /* Collections */,
				9671BBC82450F9B20036564E /* Agents */,
				9671BBC72450F9A20036564E /* Settings */,
			);
			path = Views;
			sourceTree = "<group>";
		};
		9671BBC72450F9A20036564E /* Settings */ = {
			isa = PBXGroup;
			children = (
				9671BBC52450F9610036564E /* SettingsSplitViewController.swift */,
			);
			path = Settings;
			sourceTree = "<group>";
		};
		9671BBC82450F9B20036564E /* Agents */ = {
			isa = PBXGroup;
			children = (
				9671BBCA2450F9DD0036564E /* AgentsSplitViewController.swift */,
				96D191482451053C00D2816A /* AgentDetailViewController.swift */,
			);
			path = Agents;
			sourceTree = "<group>";
		};
		9671BBC92450F9BB0036564E /* Collections */ = {
			isa = PBXGroup;
			children = (
				9671BBCC2450F9ED0036564E /* CollectionsSplitViewController.swift */,
				96D191462451051E00D2816A /* CollectionDetailViewController.swift */,
			);
			path = Collections;
			sourceTree = "<group>";
		};
		968E8AC72450EC2500B93C51 = {
			isa = PBXGroup;
			children = (
				968E8AD22450EC2500B93C51 /* Mozenda */,
				968E8AEB2450EC2600B93C51 /* MozendaTests */,
				968E8AD12450EC2500B93C51 /* Products */,
				72D4600FFEC15858EDAE790B /* Pods */,
				9C37EA6E09026783F4E10412 /* Frameworks */,
			);
			sourceTree = "<group>";
		};
		968E8AD12450EC2500B93C51 /* Products */ = {
			isa = PBXGroup;
			children = (
				968E8AD02450EC2500B93C51 /* Mozenda.app */,
				968E8AE82450EC2600B93C51 /* MozendaTests.xctest */,
			);
			name = Products;
			sourceTree = "<group>";
		};
		968E8AD22450EC2500B93C51 /* Mozenda */ = {
			isa = PBXGroup;
			children = (
				9671BBC42450F9030036564E /* Views */,
				9671BBB92450F15A0036564E /* Storyboards */,
				96E117D42450EE90002FF65E /* Models */,
				968E8AD32450EC2500B93C51 /* AppDelegate.swift */,
				9671BBBE2450F4310036564E /* SceneDelegate.swift */,
				9671BBC12450F48C0036564E /* DetailViewController.swift */,
				9671BBC02450F48C0036564E /* MasterViewController.swift */,
				968E8ADE2450EC2600B93C51 /* Assets.xcassets */,
				968E8AE32450EC2600B93C51 /* Info.plist */,
				968228A6245A1F260010968D /* NetworkHandler.swift */,
			);
			path = Mozenda;
			sourceTree = "<group>";
		};
		968E8AEB2450EC2600B93C51 /* MozendaTests */ = {
			isa = PBXGroup;
			children = (
				968E8AEC2450EC2600B93C51 /* MozendaTests.swift */,
				968E8AEE2450EC2600B93C51 /* Info.plist */,
			);
			path = MozendaTests;
			sourceTree = "<group>";
		};
		96E117D42450EE90002FF65E /* Models */ = {
			isa = PBXGroup;
			children = (
				968228A8245A22240010968D /* AgentModels.swift */,
				968228AA245A35D30010968D /* JobModels.swift */,
			);
			path = Models;
			sourceTree = "<group>";
		};
		9C37EA6E09026783F4E10412 /* Frameworks */ = {
			isa = PBXGroup;
			children = (
				9DBEDAC264956E294D7A7D79 /* Pods_Mozenda.framework */,
				BB1A2C3C5C7BC491E99C431E /* Pods_MozendaTests.framework */,
			);
			name = Frameworks;
			sourceTree = "<group>";
		};
/* End PBXGroup section */

/* Begin PBXNativeTarget section */
		968E8ACF2450EC2500B93C51 /* Mozenda */ = {
			isa = PBXNativeTarget;
			buildConfigurationList = 968E8AF12450EC2700B93C51 /* Build configuration list for PBXNativeTarget "Mozenda" */;
			buildPhases = (
				E39FD59AD9EB82D9EBF347BE /* [CP] Check Pods Manifest.lock */,
				968E8ACC2450EC2500B93C51 /* Sources */,
				968E8ACD2450EC2500B93C51 /* Frameworks */,
				968E8ACE2450EC2500B93C51 /* Resources */,
				29E2F123813081AF8245BD32 /* [CP] Embed Pods Frameworks */,
			);
			buildRules = (
			);
			dependencies = (
			);
			name = Mozenda;
			productName = Mozenda;
			productReference = 968E8AD02450EC2500B93C51 /* Mozenda.app */;
			productType = "com.apple.product-type.application";
		};
		968E8AE72450EC2600B93C51 /* MozendaTests */ = {
			isa = PBXNativeTarget;
			buildConfigurationList = 968E8AF42450EC2700B93C51 /* Build configuration list for PBXNativeTarget "MozendaTests" */;
			buildPhases = (
				6B8D9A2746DB95376F1175CA /* [CP] Check Pods Manifest.lock */,
				968E8AE42450EC2600B93C51 /* Sources */,
				968E8AE52450EC2600B93C51 /* Frameworks */,
				968E8AE62450EC2600B93C51 /* Resources */,
			);
			buildRules = (
			);
			dependencies = (
				968E8AEA2450EC2600B93C51 /* PBXTargetDependency */,
			);
			name = MozendaTests;
			productName = MozendaTests;
			productReference = 968E8AE82450EC2600B93C51 /* MozendaTests.xctest */;
			productType = "com.apple.product-type.bundle.unit-test";
		};
/* End PBXNativeTarget section */

/* Begin PBXProject section */
		968E8AC82450EC2500B93C51 /* Project object */ = {
			isa = PBXProject;
			attributes = {
				LastSwiftUpdateCheck = 1130;
				LastUpgradeCheck = 1130;
				ORGANIZATIONNAME = Giglioroninomicon;
				TargetAttributes = {
					968E8ACF2450EC2500B93C51 = {
						CreatedOnToolsVersion = 11.3.1;
					};
					968E8AE72450EC2600B93C51 = {
						CreatedOnToolsVersion = 11.3.1;
						TestTargetID = 968E8ACF2450EC2500B93C51;
					};
				};
			};
			buildConfigurationList = 968E8ACB2450EC2500B93C51 /* Build configuration list for PBXProject "Mozenda" */;
			compatibilityVersion = "Xcode 9.3";
			developmentRegion = en;
			hasScannedForEncodings = 0;
			knownRegions = (
				en,
				Base,
			);
			mainGroup = 968E8AC72450EC2500B93C51;
			productRefGroup = 968E8AD12450EC2500B93C51 /* Products */;
			projectDirPath = "";
			projectRoot = "";
			targets = (
				968E8ACF2450EC2500B93C51 /* Mozenda */,
				968E8AE72450EC2600B93C51 /* MozendaTests */,
			);
		};
/* End PBXProject section */

/* Begin PBXResourcesBuildPhase section */
		968E8ACE2450EC2500B93C51 /* Resources */ = {
			isa = PBXResourcesBuildPhase;
			buildActionMask = 2147483647;
			files = (
				968E8AE22450EC2600B93C51 /* LaunchScreen.storyboard in Resources */,
				968E8ADF2450EC2600B93C51 /* Assets.xcassets in Resources */,
				9671BBBB2450F2F80036564E /* Collections.storyboard in Resources */,
				9671BBBD2450F3090036564E /* Settings.storyboard in Resources */,
				9671BBB82450F1300036564E /* Agents.storyboard in Resources */,
				968E8ADD2450EC2500B93C51 /* Home.storyboard in Resources */,
			);
			runOnlyForDeploymentPostprocessing = 0;
		};
		968E8AE62450EC2600B93C51 /* Resources */ = {
			isa = PBXResourcesBuildPhase;
			buildActionMask = 2147483647;
			files = (
			);
			runOnlyForDeploymentPostprocessing = 0;
		};
/* End PBXResourcesBuildPhase section */

/* Begin PBXShellScriptBuildPhase section */
		29E2F123813081AF8245BD32 /* [CP] Embed Pods Frameworks */ = {
			isa = PBXShellScriptBuildPhase;
			buildActionMask = 2147483647;
			files = (
			);
			inputFileListPaths = (
				"${PODS_ROOT}/Target Support Files/Pods-Mozenda/Pods-Mozenda-frameworks-${CONFIGURATION}-input-files.xcfilelist",
			);
			name = "[CP] Embed Pods Frameworks";
			outputFileListPaths = (
				"${PODS_ROOT}/Target Support Files/Pods-Mozenda/Pods-Mozenda-frameworks-${CONFIGURATION}-output-files.xcfilelist",
			);
			runOnlyForDeploymentPostprocessing = 0;
			shellPath = /bin/sh;
			shellScript = "\"${PODS_ROOT}/Target Support Files/Pods-Mozenda/Pods-Mozenda-frameworks.sh\"\n";
			showEnvVarsInLog = 0;
		};
		6B8D9A2746DB95376F1175CA /* [CP] Check Pods Manifest.lock */ = {
			isa = PBXShellScriptBuildPhase;
			buildActionMask = 2147483647;
			files = (
			);
			inputFileListPaths = (
			);
			inputPaths = (
				"${PODS_PODFILE_DIR_PATH}/Podfile.lock",
				"${PODS_ROOT}/Manifest.lock",
			);
			name = "[CP] Check Pods Manifest.lock";
			outputFileListPaths = (
			);
			outputPaths = (
				"$(DERIVED_FILE_DIR)/Pods-MozendaTests-checkManifestLockResult.txt",
			);
			runOnlyForDeploymentPostprocessing = 0;
			shellPath = /bin/sh;
			shellScript = "diff \"${PODS_PODFILE_DIR_PATH}/Podfile.lock\" \"${PODS_ROOT}/Manifest.lock\" > /dev/null\nif [ $? != 0 ] ; then\n    # print error to STDERR\n    echo \"error: The sandbox is not in sync with the Podfile.lock. Run 'pod install' or update your CocoaPods installation.\" >&2\n    exit 1\nfi\n# This output is used by Xcode 'outputs' to avoid re-running this script phase.\necho \"SUCCESS\" > \"${SCRIPT_OUTPUT_FILE_0}\"\n";
			showEnvVarsInLog = 0;
		};
		E39FD59AD9EB82D9EBF347BE /* [CP] Check Pods Manifest.lock */ = {
			isa = PBXShellScriptBuildPhase;
			buildActionMask = 2147483647;
			files = (
			);
			inputFileListPaths = (
			);
			inputPaths = (
				"${PODS_PODFILE_DIR_PATH}/Podfile.lock",
				"${PODS_ROOT}/Manifest.lock",
			);
			name = "[CP] Check Pods Manifest.lock";
			outputFileListPaths = (
			);
			outputPaths = (
				"$(DERIVED_FILE_DIR)/Pods-Mozenda-checkManifestLockResult.txt",
			);
			runOnlyForDeploymentPostprocessing = 0;
			shellPath = /bin/sh;
			shellScript = "diff \"${PODS_PODFILE_DIR_PATH}/Podfile.lock\" \"${PODS_ROOT}/Manifest.lock\" > /dev/null\nif [ $? != 0 ] ; then\n    # print error to STDERR\n    echo \"error: The sandbox is not in sync with the Podfile.lock. Run 'pod install' or update your CocoaPods installation.\" >&2\n    exit 1\nfi\n# This output is used by Xcode 'outputs' to avoid re-running this script phase.\necho \"SUCCESS\" > \"${SCRIPT_OUTPUT_FILE_0}\"\n";
			showEnvVarsInLog = 0;
		};
/* End PBXShellScriptBuildPhase section */

/* Begin PBXSourcesBuildPhase section */
		968E8ACC2450EC2500B93C51 /* Sources */ = {
			isa = PBXSourcesBuildPhase;
			buildActionMask = 2147483647;
			files = (
				968E8AD42450EC2500B93C51 /* AppDelegate.swift in Sources */,
				96D191492451053C00D2816A /* AgentDetailViewController.swift in Sources */,
				9671BBCB2450F9DD0036564E /* AgentsSplitViewController.swift in Sources */,
				968228A7245A1F260010968D /* NetworkHandler.swift in Sources */,
				9671BBC62450F9610036564E /* SettingsSplitViewController.swift in Sources */,
				9671BBCD2450F9ED0036564E /* CollectionsSplitViewController.swift in Sources */,
				9671BBBF2450F4310036564E /* SceneDelegate.swift in Sources */,
				968228A9245A22240010968D /* AgentModels.swift in Sources */,
				96D191472451051E00D2816A /* CollectionDetailViewController.swift in Sources */,
				968228AB245A35D30010968D /* JobModels.swift in Sources */,
				9671BBC22450F48C0036564E /* MasterViewController.swift in Sources */,
				9671BBC32450F48C0036564E /* DetailViewController.swift in Sources */,
			);
			runOnlyForDeploymentPostprocessing = 0;
		};
		968E8AE42450EC2600B93C51 /* Sources */ = {
			isa = PBXSourcesBuildPhase;
			buildActionMask = 2147483647;
			files = (
				968E8AED2450EC2600B93C51 /* MozendaTests.swift in Sources */,
			);
			runOnlyForDeploymentPostprocessing = 0;
		};
/* End PBXSourcesBuildPhase section */

/* Begin PBXTargetDependency section */
		968E8AEA2450EC2600B93C51 /* PBXTargetDependency */ = {
			isa = PBXTargetDependency;
			target = 968E8ACF2450EC2500B93C51 /* Mozenda */;
			targetProxy = 968E8AE92450EC2600B93C51 /* PBXContainerItemProxy */;
		};
/* End PBXTargetDependency section */

/* Begin PBXVariantGroup section */
		968E8ADB2450EC2500B93C51 /* Home.storyboard */ = {
			isa = PBXVariantGroup;
			children = (
				968E8ADC2450EC2500B93C51 /* Base */,
			);
			name = Home.storyboard;
			sourceTree = "<group>";
		};
		968E8AE02450EC2600B93C51 /* LaunchScreen.storyboard */ = {
			isa = PBXVariantGroup;
			children = (
				968E8AE12450EC2600B93C51 /* Base */,
			);
			name = LaunchScreen.storyboard;
			sourceTree = "<group>";
		};
/* End PBXVariantGroup section */

/* Begin XCBuildConfiguration section */
		968E8AEF2450EC2700B93C51 /* Debug */ = {
			isa = XCBuildConfiguration;
			buildSettings = {
				ALWAYS_SEARCH_USER_PATHS = NO;
				CLANG_ANALYZER_NONNULL = YES;
				CLANG_ANALYZER_NUMBER_OBJECT_CONVERSION = YES_AGGRESSIVE;
				CLANG_CXX_LANGUAGE_STANDARD = "gnu++14";
				CLANG_CXX_LIBRARY = "libc++";
				CLANG_ENABLE_MODULES = YES;
				CLANG_ENABLE_OBJC_ARC = YES;
				CLANG_ENABLE_OBJC_WEAK = YES;
				CLANG_WARN_BLOCK_CAPTURE_AUTORELEASING = YES;
				CLANG_WARN_BOOL_CONVERSION = YES;
				CLANG_WARN_COMMA = YES;
				CLANG_WARN_CONSTANT_CONVERSION = YES;
				CLANG_WARN_DEPRECATED_OBJC_IMPLEMENTATIONS = YES;
				CLANG_WARN_DIRECT_OBJC_ISA_USAGE = YES_ERROR;
				CLANG_WARN_DOCUMENTATION_COMMENTS = YES;
				CLANG_WARN_EMPTY_BODY = YES;
				CLANG_WARN_ENUM_CONVERSION = YES;
				CLANG_WARN_INFINITE_RECURSION = YES;
				CLANG_WARN_INT_CONVERSION = YES;
				CLANG_WARN_NON_LITERAL_NULL_CONVERSION = YES;
				CLANG_WARN_OBJC_IMPLICIT_RETAIN_SELF = YES;
				CLANG_WARN_OBJC_LITERAL_CONVERSION = YES;
				CLANG_WARN_OBJC_ROOT_CLASS = YES_ERROR;
				CLANG_WARN_RANGE_LOOP_ANALYSIS = YES;
				CLANG_WARN_STRICT_PROTOTYPES = YES;
				CLANG_WARN_SUSPICIOUS_MOVE = YES;
				CLANG_WARN_UNGUARDED_AVAILABILITY = YES_AGGRESSIVE;
				CLANG_WARN_UNREACHABLE_CODE = YES;
				CLANG_WARN__DUPLICATE_METHOD_MATCH = YES;
				COPY_PHASE_STRIP = NO;
				DEBUG_INFORMATION_FORMAT = dwarf;
				ENABLE_STRICT_OBJC_MSGSEND = YES;
				ENABLE_TESTABILITY = YES;
				GCC_C_LANGUAGE_STANDARD = gnu11;
				GCC_DYNAMIC_NO_PIC = NO;
				GCC_NO_COMMON_BLOCKS = YES;
				GCC_OPTIMIZATION_LEVEL = 0;
				GCC_PREPROCESSOR_DEFINITIONS = (
					"DEBUG=1",
					"$(inherited)",
				);
				GCC_WARN_64_TO_32_BIT_CONVERSION = YES;
				GCC_WARN_ABOUT_RETURN_TYPE = YES_ERROR;
				GCC_WARN_UNDECLARED_SELECTOR = YES;
				GCC_WARN_UNINITIALIZED_AUTOS = YES_AGGRESSIVE;
				GCC_WARN_UNUSED_FUNCTION = YES;
				GCC_WARN_UNUSED_VARIABLE = YES;
				IPHONEOS_DEPLOYMENT_TARGET = 13.2;
				MTL_ENABLE_DEBUG_INFO = INCLUDE_SOURCE;
				MTL_FAST_MATH = YES;
				ONLY_ACTIVE_ARCH = YES;
				SDKROOT = iphoneos;
				SWIFT_ACTIVE_COMPILATION_CONDITIONS = DEBUG;
				SWIFT_OPTIMIZATION_LEVEL = "-Onone";
			};
			name = Debug;
		};
		968E8AF02450EC2700B93C51 /* Release */ = {
			isa = XCBuildConfiguration;
			buildSettings = {
				ALWAYS_SEARCH_USER_PATHS = NO;
				CLANG_ANALYZER_NONNULL = YES;
				CLANG_ANALYZER_NUMBER_OBJECT_CONVERSION = YES_AGGRESSIVE;
				CLANG_CXX_LANGUAGE_STANDARD = "gnu++14";
				CLANG_CXX_LIBRARY = "libc++";
				CLANG_ENABLE_MODULES = YES;
				CLANG_ENABLE_OBJC_ARC = YES;
				CLANG_ENABLE_OBJC_WEAK = YES;
				CLANG_WARN_BLOCK_CAPTURE_AUTORELEASING = YES;
				CLANG_WARN_BOOL_CONVERSION = YES;
				CLANG_WARN_COMMA = YES;
				CLANG_WARN_CONSTANT_CONVERSION = YES;
				CLANG_WARN_DEPRECATED_OBJC_IMPLEMENTATIONS = YES;
				CLANG_WARN_DIRECT_OBJC_ISA_USAGE = YES_ERROR;
				CLANG_WARN_DOCUMENTATION_COMMENTS = YES;
				CLANG_WARN_EMPTY_BODY = YES;
				CLANG_WARN_ENUM_CONVERSION = YES;
				CLANG_WARN_INFINITE_RECURSION = YES;
				CLANG_WARN_INT_CONVERSION = YES;
				CLANG_WARN_NON_LITERAL_NULL_CONVERSION = YES;
				CLANG_WARN_OBJC_IMPLICIT_RETAIN_SELF = YES;
				CLANG_WARN_OBJC_LITERAL_CONVERSION = YES;
				CLANG_WARN_OBJC_ROOT_CLASS = YES_ERROR;
				CLANG_WARN_RANGE_LOOP_ANALYSIS = YES;
				CLANG_WARN_STRICT_PROTOTYPES = YES;
				CLANG_WARN_SUSPICIOUS_MOVE = YES;
				CLANG_WARN_UNGUARDED_AVAILABILITY = YES_AGGRESSIVE;
				CLANG_WARN_UNREACHABLE_CODE = YES;
				CLANG_WARN__DUPLICATE_METHOD_MATCH = YES;
				COPY_PHASE_STRIP = NO;
				DEBUG_INFORMATION_FORMAT = "dwarf-with-dsym";
				ENABLE_NS_ASSERTIONS = NO;
				ENABLE_STRICT_OBJC_MSGSEND = YES;
				GCC_C_LANGUAGE_STANDARD = gnu11;
				GCC_NO_COMMON_BLOCKS = YES;
				GCC_WARN_64_TO_32_BIT_CONVERSION = YES;
				GCC_WARN_ABOUT_RETURN_TYPE = YES_ERROR;
				GCC_WARN_UNDECLARED_SELECTOR = YES;
				GCC_WARN_UNINITIALIZED_AUTOS = YES_AGGRESSIVE;
				GCC_WARN_UNUSED_FUNCTION = YES;
				GCC_WARN_UNUSED_VARIABLE = YES;
				IPHONEOS_DEPLOYMENT_TARGET = 13.2;
				MTL_ENABLE_DEBUG_INFO = NO;
				MTL_FAST_MATH = YES;
				SDKROOT = iphoneos;
				SWIFT_COMPILATION_MODE = wholemodule;
				SWIFT_OPTIMIZATION_LEVEL = "-O";
				VALIDATE_PRODUCT = YES;
			};
			name = Release;
		};
		968E8AF22450EC2700B93C51 /* Debug */ = {
			isa = XCBuildConfiguration;
			baseConfigurationReference = 4E7DFD5E2610B4916D7B3759 /* Pods-Mozenda.debug.xcconfig */;
			buildSettings = {
				ASSETCATALOG_COMPILER_APPICON_NAME = AppIcon;
				CODE_SIGN_STYLE = Automatic;
				DEVELOPMENT_TEAM = JLLV7F3JQ4;
				INFOPLIST_FILE = Mozenda/Info.plist;
				LD_RUNPATH_SEARCH_PATHS = (
					"$(inherited)",
					"@executable_path/Frameworks",
				);
				PRODUCT_BUNDLE_IDENTIFIER = work.davidmiller.Mozenda;
				PRODUCT_NAME = "$(TARGET_NAME)";
				SWIFT_VERSION = 5.0;
				TARGETED_DEVICE_FAMILY = "1,2";
			};
			name = Debug;
		};
		968E8AF32450EC2700B93C51 /* Release */ = {
			isa = XCBuildConfiguration;
			baseConfigurationReference = 2056A221400971B9C5DF9501 /* Pods-Mozenda.release.xcconfig */;
			buildSettings = {
				ASSETCATALOG_COMPILER_APPICON_NAME = AppIcon;
				CODE_SIGN_STYLE = Automatic;
				DEVELOPMENT_TEAM = JLLV7F3JQ4;
				INFOPLIST_FILE = Mozenda/Info.plist;
				LD_RUNPATH_SEARCH_PATHS = (
					"$(inherited)",
					"@executable_path/Frameworks",
				);
				PRODUCT_BUNDLE_IDENTIFIER = work.davidmiller.Mozenda;
				PRODUCT_NAME = "$(TARGET_NAME)";
				SWIFT_VERSION = 5.0;
				TARGETED_DEVICE_FAMILY = "1,2";
			};
			name = Release;
		};
		968E8AF52450EC2700B93C51 /* Debug */ = {
			isa = XCBuildConfiguration;
			baseConfigurationReference = A6D5A8B027900AA187DA36EE /* Pods-MozendaTests.debug.xcconfig */;
			buildSettings = {
				ALWAYS_EMBED_SWIFT_STANDARD_LIBRARIES = YES;
				BUNDLE_LOADER = "$(TEST_HOST)";
				CODE_SIGN_STYLE = Automatic;
				DEVELOPMENT_TEAM = JLLV7F3JQ4;
				INFOPLIST_FILE = MozendaTests/Info.plist;
				IPHONEOS_DEPLOYMENT_TARGET = 13.2;
				LD_RUNPATH_SEARCH_PATHS = (
					"$(inherited)",
					"@executable_path/Frameworks",
					"@loader_path/Frameworks",
				);
				PRODUCT_BUNDLE_IDENTIFIER = work.davidmiller.MozendaTests;
				PRODUCT_NAME = "$(TARGET_NAME)";
				SWIFT_VERSION = 5.0;
				TARGETED_DEVICE_FAMILY = "1,2";
				TEST_HOST = "$(BUILT_PRODUCTS_DIR)/Mozenda.app/Mozenda";
			};
			name = Debug;
		};
		968E8AF62450EC2700B93C51 /* Release */ = {
			isa = XCBuildConfiguration;
			baseConfigurationReference = 65799731423FC593DCB6AE6F /* Pods-MozendaTests.release.xcconfig */;
			buildSettings = {
				ALWAYS_EMBED_SWIFT_STANDARD_LIBRARIES = YES;
				BUNDLE_LOADER = "$(TEST_HOST)";
				CODE_SIGN_STYLE = Automatic;
				DEVELOPMENT_TEAM = JLLV7F3JQ4;
				INFOPLIST_FILE = MozendaTests/Info.plist;
				IPHONEOS_DEPLOYMENT_TARGET = 13.2;
				LD_RUNPATH_SEARCH_PATHS = (
					"$(inherited)",
					"@executable_path/Frameworks",
					"@loader_path/Frameworks",
				);
				PRODUCT_BUNDLE_IDENTIFIER = work.davidmiller.MozendaTests;
				PRODUCT_NAME = "$(TARGET_NAME)";
				SWIFT_VERSION = 5.0;
				TARGETED_DEVICE_FAMILY = "1,2";
				TEST_HOST = "$(BUILT_PRODUCTS_DIR)/Mozenda.app/Mozenda";
			};
			name = Release;
		};
/* End XCBuildConfiguration section */

/* Begin XCConfigurationList section */
		968E8ACB2450EC2500B93C51 /* Build configuration list for PBXProject "Mozenda" */ = {
			isa = XCConfigurationList;
			buildConfigurations = (
				968E8AEF2450EC2700B93C51 /* Debug */,
				968E8AF02450EC2700B93C51 /* Release */,
			);
			defaultConfigurationIsVisible = 0;
			defaultConfigurationName = Release;
		};
		968E8AF12450EC2700B93C51 /* Build configuration list for PBXNativeTarget "Mozenda" */ = {
			isa = XCConfigurationList;
			buildConfigurations = (
				968E8AF22450EC2700B93C51 /* Debug */,
				968E8AF32450EC2700B93C51 /* Release */,
			);
			defaultConfigurationIsVisible = 0;
			defaultConfigurationName = Release;
		};
		968E8AF42450EC2700B93C51 /* Build configuration list for PBXNativeTarget "MozendaTests" */ = {
			isa = XCConfigurationList;
			buildConfigurations = (
				968E8AF52450EC2700B93C51 /* Debug */,
				968E8AF62450EC2700B93C51 /* Release */,
			);
			defaultConfigurationIsVisible = 0;
			defaultConfigurationName = Release;
		};
/* End XCConfigurationList section */
	};
	rootObject = 968E8AC82450EC2500B93C51 /* Project object */;
}
